github.com/i9si-sistemas/assert v1.0.0 h1:ebwzVd0cBm8/gbJoogmkxjsR86Hnm4t1cLCupyVHW34=
github.com/i9si-sistemas/assert v1.0.0/go.mod h1:2iaMov226y9f63Qbnrmd+6pU0ZKoyZ7jThZRKAYKT+I=
github.com/i9si-sistemas/stringx v1.5.3 h1:ROAJompRHPzv6mqBd4fZBc2Gy/1HGi0BgWKaf1+sx5A=
github.com/i9si-sistemas/stringx v1.5.3/go.mod h1:+GhyHUFCjPCdi4BOTLuXI1O0VE0YZP1kn32XEcb9bk4=
golang.org/x/sys v0.33.0 h1:q3i8TbbEz+JRD9ywIRlyRAQbM0qF7hu24q3teo2hbuw=
golang.org/x/sys v0.33.0/go.mod h1:BJP2sWEmIv4KK5OTEluFJCKSidICx8ciO85XgH3Ak8k=
golang.org/x/term v0.32.0 h1:DR4lr0TjUs3epypdhTOkMmuF5CDFJ/8pOnbzMZPQ7bg=
golang.org/x/term v0.32.0/go.mod h1:uZG1FhGx848Sqfsq4/DlJr3xGGsYMu/L5GW4abiaEPQ=
